
Microsoft Visual Studio Solution File, Format Version 12.00
# Visual Studio Version 17
VisualStudioVersion = 17.2.32616.157
MinimumVisualStudioVersion = 10.0.40219.1
Project("{9A19103F-16F7-4668-BE54-9A1E7A4F7556}") = "AnApiOfIceAndFire", "src\AnApiOfIceAndFire\AnApiOfIceAndFire.csproj", "{F5E02BFB-4A53-4867-B55C-D8F1CFFC316F}"
EndProject
Project("{2150E333-8FDC-42A3-9474-1A3956D46DE8}") = "src", "src", "{38881ED6-B7BA-4273-B421-2ED256FECF7B}"
EndProject
Project("{2150E333-8FDC-42A3-9474-1A3956D46DE8}") = "tests", "tests", "{83A9DFF2-D534-4ACE-B65C-F1D7B5916A35}"
EndProject
Project("{9A19103F-16F7-4668-BE54-9A1E7A4F7556}") = "AnApiOfIceAndFire.Tests", "tests\AnApiOfIceAndFire.Tests\AnApiOfIceAndFire.Tests.csproj", "{AA0E58ED-EBE1-470F-B5FB-36259DBCA79B}"
EndProject
Project("{9A19103F-16F7-4668-BE54-9A1E7A4F7556}") = "AnApiOfIceAndFire.Data", "src\AnApiOfIceAndFire.Data\AnApiOfIceAndFire.Data.csproj", "{1B7AEDDD-542D-437B-9D24-D04B6184EA90}"
EndProject
Project("{9A19103F-16F7-4668-BE54-9A1E7A4F7556}") = "AnApiOfIceAndFire.Data.Tests", "tests\AnApiOfIceAndFire.Data.Tests\AnApiOfIceAndFire.Data.Tests.csproj", "{6596AA15-FDFE-495A-B4DF-DDB8988E8FCD}"
EndProject
Project("{9A19103F-16F7-4668-BE54-9A1E7A4F7556}") = "AnApiOfIceAndFire.SourceGenerator", "src\AnApiOfIceAndFire.SourceGenerator\AnApiOfIceAndFire.SourceGenerator.csproj", "{88E7529A-0DC7-4447-9B5F-03E303668178}"
EndProject
Project("{9A19103F-16F7-4668-BE54-9A1E7A4F7556}") = "AnApiOfIceAndFire.Setup", "src\AnApiOfIceAndFire.Setup\AnApiOfIceAndFire.Setup.csproj", "{59A41A0C-B091-4821-A1D6-11D4C6F47147}"
EndProject
Project("{9A19103F-16F7-4668-BE54-9A1E7A4F7556}") = "AnApiOfIceAndFire.Setup.Tests", "tests\AnApiOfIceAndFire.Setup.Tests\AnApiOfIceAndFire.Setup.Tests.csproj", "{7239448C-5893-40BF-B693-672854641F9B}"
EndProject
Global
	GlobalSection(SolutionConfigurationPlatforms) = preSolution
		Debug|Any CPU = Debug|Any CPU
		Release|Any CPU = Release|Any CPU
	EndGlobalSection
	GlobalSection(ProjectConfigurationPlatforms) = postSolution
		{F5E02BFB-4A53-4867-B55C-D8F1CFFC316F}.Debug|Any CPU.ActiveCfg = Debug|Any CPU
		{F5E02BFB-4A53-4867-B55C-D8F1CFFC316F}.Debug|Any CPU.Build.0 = Debug|Any CPU
		{F5E02BFB-4A53-4867-B55C-D8F1CFFC316F}.Release|Any CPU.ActiveCfg = Release|Any CPU
		{F5E02BFB-4A53-4867-B55C-D8F1CFFC316F}.Release|Any CPU.Build.0 = Release|Any CPU
		{AA0E58ED-EBE1-470F-B5FB-36259DBCA79B}.Debug|Any CPU.ActiveCfg = Debug|Any CPU
		{AA0E58ED-EBE1-470F-B5FB-36259DBCA79B}.Debug|Any CPU.Build.0 = Debug|Any CPU
		{AA0E58ED-EBE1-470F-B5FB-36259DBCA79B}.Release|Any CPU.ActiveCfg = Release|Any CPU
		{AA0E58ED-EBE1-470F-B5FB-36259DBCA79B}.Release|Any CPU.Build.0 = Release|Any CPU
		{1B7AEDDD-542D-437B-9D24-D04B6184EA90}.Debug|Any CPU.ActiveCfg = Debug|Any CPU
		{1B7AEDDD-542D-437B-9D24-D04B6184EA90}.Debug|Any CPU.Build.0 = Debug|Any CPU
		{1B7AEDDD-542D-437B-9D24-D04B6184EA90}.Release|Any CPU.ActiveCfg = Release|Any CPU
		{1B7AEDDD-542D-437B-9D24-D04B6184EA90}.Release|Any CPU.Build.0 = Release|Any CPU
		{6596AA15-FDFE-495A-B4DF-DDB8988E8FCD}.Debug|Any CPU.ActiveCfg = Debug|Any CPU
		{6596AA15-FDFE-495A-B4DF-DDB8988E8FCD}.Debug|Any CPU.Build.0 = Debug|Any CPU
		{6596AA15-FDFE-495A-B4DF-DDB8988E8FCD}.Release|Any CPU.ActiveCfg = Release|Any CPU
		{6596AA15-FDFE-495A-B4DF-DDB8988E8FCD}.Release|Any CPU.Build.0 = Release|Any CPU
		{88E7529A-0DC7-4447-9B5F-03E303668178}.Debug|Any CPU.ActiveCfg = Debug|Any CPU
		{88E7529A-0DC7-4447-9B5F-03E303668178}.Debug|Any CPU.Build.0 = Debug|Any CPU
		{88E7529A-0DC7-4447-9B5F-03E303668178}.Release|Any CPU.ActiveCfg = Release|Any CPU
		{88E7529A-0DC7-4447-9B5F-03E303668178}.Release|Any CPU.Build.0 = Release|Any CPU
		{59A41A0C-B091-4821-A1D6-11D4C6F47147}.Debug|Any CPU.ActiveCfg = Debug|Any CPU
		{59A41A0C-B091-4821-A1D6-11D4C6F47147}.Debug|Any CPU.Build.0 = Debug|Any CPU
		{59A41A0C-B091-4821-A1D6-11D4C6F47147}.Release|Any CPU.ActiveCfg = Release|Any CPU
		{59A41A0C-B091-4821-A1D6-11D4C6F47147}.Release|Any CPU.Build.0 = Release|Any CPU
		{7239448C-5893-40BF-B693-672854641F9B}.Debug|Any CPU.ActiveCfg = Debug|Any CPU
		{7239448C-5893-40BF-B693-672854641F9B}.Debug|Any CPU.Build.0 = Debug|Any CPU
		{7239448C-5893-40BF-B693-672854641F9B}.Release|Any CPU.ActiveCfg = Release|Any CPU
		{7239448C-5893-40BF-B693-672854641F9B}.Release|Any CPU.Build.0 = Release|Any CPU
	EndGlobalSection
	GlobalSection(SolutionProperties) = preSolution
		HideSolutionNode = FALSE
	EndGlobalSection
	GlobalSection(NestedProjects) = preSolution
		{F5E02BFB-4A53-4867-B55C-D8F1CFFC316F} = {38881ED6-B7BA-4273-B421-2ED256FECF7B}
		{AA0E58ED-EBE1-470F-B5FB-36259DBCA79B} = {83A9DFF2-D534-4ACE-B65C-F1D7B5916A35}
		{1B7AEDDD-542D-437B-9D24-D04B6184EA90} = {38881ED6-B7BA-4273-B421-2ED256FECF7B}
		{6596AA15-FDFE-495A-B4DF-DDB8988E8FCD} = {83A9DFF2-D534-4ACE-B65C-F1D7B5916A35}
		{88E7529A-0DC7-4447-9B5F-03E303668178} = {38881ED6-B7BA-4273-B421-2ED256FECF7B}
		{59A41A0C-B091-4821-A1D6-11D4C6F47147} = {38881ED6-B7BA-4273-B421-2ED256FECF7B}
		{7239448C-5893-40BF-B693-672854641F9B} = {83A9DFF2-D534-4ACE-B65C-F1D7B5916A35}
	EndGlobalSection
	GlobalSection(ExtensibilityGlobals) = postSolution
		SolutionGuid = {2FB77914-FF1F-449C-B94A-C876D7DA4503}
	EndGlobalSection
EndGlobal
